// !$*UTF8*$!
{
	archiveVersion = 1;
	classes = {
	};
	objectVersion = 77;
	objects = {

/* Begin PBXBuildFile section */
		007A86366863DAE1E80F6A2D /* Assets.xcassets in Resources */ = {isa = PBXBuildFile; fileRef = 9F70EEBD2ED0934A00C217E9 /* Assets.xcassets */; };
		022D2E07E09CF07E8D7EA03E /* MacPlayerView.swift in Sources */ = {isa = PBXBuildFile; fileRef = C130A8C0647DB815F7224BE6 /* MacPlayerView.swift */; };
		02EDFA619D0B5B391735D1C6 /* TuneAviPopoverActionsPanel.swift in Sources */ = {isa = PBXBuildFile; fileRef = 43BF1BA3D8D70F28791FE4D2 /* TuneAviPopoverActionsPanel.swift */; };
		07A45F961828AC143CA5D655 /* TuneAVStationFeedbackControls.swift in Sources */ = {isa = PBXBuildFile; fileRef = F88785BF8E497CD1DBFAC244 /* TuneAVStationFeedbackControls.swift */; };
		082AFF6E2CE010AE3DED6F85 /* Localizable.strings in Resources */ = {isa = PBXBuildFile; fileRef = 62AB83A40BCBFEA1C508DE57 /* Localizable.strings */; };
		0DBB9A3EC4C46E318281FB1A /* TuneAVDiscoveryShareTextFormatter.swift in Sources */ = {isa = PBXBuildFile; fileRef = E7B601DB899EC3FAA180C8DA /* TuneAVDiscoveryShareTextFormatter.swift */; };
		11332DD32B0CFB21836C4994 /* TuneAVDailyUsageLimiter.swift in Sources */ = {isa = PBXBuildFile; fileRef = 5FA1404F908BC7318A328CDC /* TuneAVDailyUsageLimiter.swift */; };
		126BE6C76EA3FCD2BC1EED14 /* ConvexMobile in Frameworks */ = {isa = PBXBuildFile; productRef = C3ACDA28829A3904A1B6ED47 /* ConvexMobile */; };
		12790A3C24B1DA52D7E21D77 /* MacStationDetailView.swift in Sources */ = {isa = PBXBuildFile; fileRef = F7DEE3B2AD1FFD82323FA71A /* MacStationDetailView.swift */; };
		162E859CCCBFDA75E703EBDF /* AVBrandFoundation in Frameworks */ = {isa = PBXBuildFile; productRef = B402DDE0D762599B6110FE42 /* AVBrandFoundation */; };
		1ACC6052B1279928A6EA2971 /* TuneAVTrackMetadata.swift in Sources */ = {isa = PBXBuildFile; fileRef = B742B0081A7F0D35C5BC8E20 /* TuneAVTrackMetadata.swift */; };
		1DF728FAF762A189306E64B5 /* TuneAVNowPlayingService.swift in Sources */ = {isa = PBXBuildFile; fileRef = 43020E23D4675B7E49C389AF /* TuneAVNowPlayingService.swift */; };
		2137DD6713ECFB29BBAE3397 /* TuneAVMusicLibraryLogic.swift in Sources */ = {isa = PBXBuildFile; fileRef = D9700299F754578BD6E345C9 /* TuneAVMusicLibraryLogic.swift */; };
		262E0BC58170DACF86E03E43 /* TuneAVURLSupport.swift in Sources */ = {isa = PBXBuildFile; fileRef = 918B443508AFB391669B94FE /* TuneAVURLSupport.swift */; };
		31F27E7BABE171ED67FB67F3 /* TuneAVDiscoveredTrackSupport.swift in Sources */ = {isa = PBXBuildFile; fileRef = ED33F71C5D0D6F973B532EAC /* TuneAVDiscoveredTrackSupport.swift */; };
		33E8C8130EF78508A1CB625E /* MacLibraryView.swift in Sources */ = {isa = PBXBuildFile; fileRef = F57983518F265DF0F87501C6 /* MacLibraryView.swift */; };
		35155D5CE7DFB1BFD49C5C17 /* TuneAVLaunchContext.swift in Sources */ = {isa = PBXBuildFile; fileRef = 79E0AFF731DA84386253FCFA /* TuneAVLaunchContext.swift */; };
		3C66F4B67C2C0F312AD7236C /* TuneAVLibraryTombstone.swift in Sources */ = {isa = PBXBuildFile; fileRef = 41E1A55B511C4D08B33974A4 /* TuneAVLibraryTombstone.swift */; };
		3EB8D04032E7E589B575F853 /* Localizable.strings in Resources */ = {isa = PBXBuildFile; fileRef = 99DF84A634CD654D5194F8CA /* Localizable.strings */; };
		3ED91BE180569BBA0BBF2B96 /* TuneAVAppDataSyncClient.swift in Sources */ = {isa = PBXBuildFile; fileRef = 4800B97412F65A7D48DA7259 /* TuneAVAppDataSyncClient.swift */; };
		4517CBAFE4D60F933644F368 /* TuneAVSavedDiscoveryPolicy.swift in Sources */ = {isa = PBXBuildFile; fileRef = DDCA11EFF39C50A234F6A6C7 /* TuneAVSavedDiscoveryPolicy.swift */; };
		462E87FB1176BE67A4E3CABE /* TuneAVMacSmokeTests.swift in Sources */ = {isa = PBXBuildFile; fileRef = 6BECFD55C06EFFE74CA3E47B /* TuneAVMacSmokeTests.swift */; };
		4A10A61F68707CB985292183 /* TuneAVMacConfig.swift in Sources */ = {isa = PBXBuildFile; fileRef = 211F13D45CF49412D4409230 /* TuneAVMacConfig.swift */; };
		4C0C6416C7B5D9513800ACF0 /* MacSearchView.swift in Sources */ = {isa = PBXBuildFile; fileRef = C952CE99E482F861B467A9CA /* MacSearchView.swift */; };
		4FBFE1A8D244B3978F2966D1 /* AccountAV in Frameworks */ = {isa = PBXBuildFile; productRef = 3FBCA1692EF65BC3F2E0F236 /* AccountAV */; };
		509F4814DF4A1FC45568E69D /* MacCloudSyncTrigger.swift in Sources */ = {isa = PBXBuildFile; fileRef = C37FA94C62C42172EFEE18EC /* MacCloudSyncTrigger.swift */; };
		515217DA05C2C4778E39FDE6 /* TuneAVOverviewSectionViews.swift in Sources */ = {isa = PBXBuildFile; fileRef = E6EF830E1C7E4B9705454FDC /* TuneAVOverviewSectionViews.swift */; };
		55997DBC8577E63DCF5A5A2B /* TuneAVAccessLimitPolicy.swift in Sources */ = {isa = PBXBuildFile; fileRef = 654F6CF76CA5C56D0C6D0FDA /* TuneAVAccessLimitPolicy.swift */; };
		568500727A804FA666B64035 /* TuneAVSharedTheme.swift in Sources */ = {isa = PBXBuildFile; fileRef = C842F5937F9CA95EE8F66DA5 /* TuneAVSharedTheme.swift */; };
		5BD9B44CCE1779233936C6F0 /* AVAppShellFoundation in Frameworks */ = {isa = PBXBuildFile; productRef = EFA0FAE8086A1B9324EF6BF1 /* AVAppShellFoundation */; };
		5D4B73E8C2966B3F0BBE22C2 /* TuneAVStreamMetadataDelegate.swift in Sources */ = {isa = PBXBuildFile; fileRef = F546054602ED9447DD71B662 /* TuneAVStreamMetadataDelegate.swift */; };
		64D37DDAA306EF5273ADD398 /* TuneAVMacDiagnostics.swift in Sources */ = {isa = PBXBuildFile; fileRef = 3DF7A60DA73D3726DCAD2331 /* TuneAVMacDiagnostics.swift */; };
		6716515508AEB7968EF1966E /* TuneAVText.swift in Sources */ = {isa = PBXBuildFile; fileRef = 891985721D6B47B10DA4E6F8 /* TuneAVText.swift */; };
		69158AA27C3B014757E62EE8 /* MacNowPlayingSystemController.swift in Sources */ = {isa = PBXBuildFile; fileRef = 0014B27DC883D3ED407960DF /* MacNowPlayingSystemController.swift */; };
		6D04968C92A2E22913A52C46 /* TuneAVTrackArtworkService.swift in Sources */ = {isa = PBXBuildFile; fileRef = 5B5B98CF5933EAE1A87E50A0 /* TuneAVTrackArtworkService.swift */; };
		755B50D75DD9898A7DFE44E1 /* TuneAVLibrarySync.swift in Sources */ = {isa = PBXBuildFile; fileRef = C4B4987CBF8EC41105DBEEB4 /* TuneAVLibrarySync.swift */; };
		7A6D7C654B9ACE837D7DD009 /* MacMusicView.swift in Sources */ = {isa = PBXBuildFile; fileRef = 9B084B9AAAC81CC6B40215DE /* MacMusicView.swift */; };
		7B0309A86C6D98398658CA6E /* TuneAVUITestAccountDeletionScenarios.swift in Sources */ = {isa = PBXBuildFile; fileRef = 53A7AC7B73C839883433878A /* TuneAVUITestAccountDeletionScenarios.swift */; };
		7D04E09AD5DD321B60222524 /* TuneAVMacApp.swift in Sources */ = {isa = PBXBuildFile; fileRef = 008D0BA4DF03C532ABC11140 /* TuneAVMacApp.swift */; };
		7D1AAB0B317C266DDC8688B4 /* MacCloudSyncTests.swift in Sources */ = {isa = PBXBuildFile; fileRef = 17334A568C86EE82A2ECDDFE /* MacCloudSyncTests.swift */; };
		86361103BE48CA0FF0A0BAAB /* AVAviFoundation in Frameworks */ = {isa = PBXBuildFile; productRef = 837F67518FC0C2DF85357A9D /* AVAviFoundation */; };
		88E8CC612CD4876CE13715BC /* TuneAVAccountModels.swift in Sources */ = {isa = PBXBuildFile; fileRef = DCFBB4C4C085969BC3C55B3B /* TuneAVAccountModels.swift */; };
		89B2ADE63963CF8103793420 /* TuneAVLocalFeedbackStore.swift in Sources */ = {isa = PBXBuildFile; fileRef = 3590A93D4505151DCD668777 /* TuneAVLocalFeedbackStore.swift */; };
		89E869B7F01A0BEE7657350D /* Localizable.strings in Resources */ = {isa = PBXBuildFile; fileRef = E8310E584FFDAC25B7D1AB5D /* Localizable.strings */; };
		8C96ACF4E362BA6B58AF6698 /* MacHomeView.swift in Sources */ = {isa = PBXBuildFile; fileRef = 4186E1C0F2B5E1F3A2066A71 /* MacHomeView.swift */; };
		8DEC02A9A9F73926CC97E2D0 /* TuneAVPlaybackQueueLogic.swift in Sources */ = {isa = PBXBuildFile; fileRef = EDC7CA0264359FBBE98CFE98 /* TuneAVPlaybackQueueLogic.swift */; };
		8F843B3EC952F580669DB403 /* TuneAVAviMusicDetailViews.swift in Sources */ = {isa = PBXBuildFile; fileRef = B804B81EE903D677990E1899 /* TuneAVAviMusicDetailViews.swift */; };
		915ABEFD89C1E63ED855CE45 /* TuneAVCountry.swift in Sources */ = {isa = PBXBuildFile; fileRef = 73B5FFF1029C0AAF57A57692 /* TuneAVCountry.swift */; };
		923B0B8A79838A78EAA463A7 /* TuneAVProRealtimeSync.swift in Sources */ = {isa = PBXBuildFile; fileRef = 97BCB582AD5A0EDF1FA57BC4 /* TuneAVProRealtimeSync.swift */; };
		95C55977A9CFCCA49E90F06F /* TuneAVAppShellSearch.swift in Sources */ = {isa = PBXBuildFile; fileRef = 6EBD5A13ED5B6CA4B0D0C3AA /* TuneAVAppShellSearch.swift */; };
		986706AF02E700236C7B671F /* TuneAVAudioPlaybackPolicy.swift in Sources */ = {isa = PBXBuildFile; fileRef = 5D1323087CE3D03848F1E095 /* TuneAVAudioPlaybackPolicy.swift */; };
		9BBA2DF9E756B7E1AD1944E5 /* TuneAVAccessClient.swift in Sources */ = {isa = PBXBuildFile; fileRef = 23F6B0FAE8564E7A2F3860D6 /* TuneAVAccessClient.swift */; };
		9DD3DCC634DFB5F60BBECE0C /* TuneAVEighties80sNowPlaying.swift in Sources */ = {isa = PBXBuildFile; fileRef = 25043C9B00B0BE381CA0C859 /* TuneAVEighties80sNowPlaying.swift */; };
		A19468A872AC81355003AE6B /* MacRootView.swift in Sources */ = {isa = PBXBuildFile; fileRef = B88E3F298EF851BE68BA06D0 /* MacRootView.swift */; };
		A894C166BCA011B111A33124 /* TuneAVExternalSearchURL.swift in Sources */ = {isa = PBXBuildFile; fileRef = 982EBF907088952B44522371 /* TuneAVExternalSearchURL.swift */; };
		AB092889DDAB13A902A0E08A /* TuneAVSleepTimerController.swift in Sources */ = {isa = PBXBuildFile; fileRef = F2DE0A373AB37620B340E29C /* TuneAVSleepTimerController.swift */; };
		AB339A7D0DC7B823F9ABBC07 /* MacStationViews.swift in Sources */ = {isa = PBXBuildFile; fileRef = E7D51CC72AFC94D9E7DA15CF /* MacStationViews.swift */; };
		ABA2A844CA2D96D12E8DA03B /* AVPaywallFoundation in Frameworks */ = {isa = PBXBuildFile; productRef = 03B5B5A2694F2E77ABD921B8 /* AVPaywallFoundation */; };
		AE14490493617327EAB29FBF /* TuneAVUpgradePrompt.swift in Sources */ = {isa = PBXBuildFile; fileRef = 1301668C52968D72F70F5CEB /* TuneAVUpgradePrompt.swift */; };
		BA86E91D05DFDD718B6AA3A8 /* TuneAVDateCoding.swift in Sources */ = {isa = PBXBuildFile; fileRef = 555D34D6619792C6FCDF7FDB /* TuneAVDateCoding.swift */; };
		BE7765ACC4B1BEDE27DACCD8 /* TuneAVSavedStationIcon.swift in Sources */ = {isa = PBXBuildFile; fileRef = 2C7D3F1E4C73F0AFA606C8E3 /* TuneAVSavedStationIcon.swift */; };
		C06D14E62FEA5E809E1473B2 /* AVDiagnosticsFoundation in Frameworks */ = {isa = PBXBuildFile; productRef = E21EC6AEF4EE21AA5632C3AE /* AVDiagnosticsFoundation */; };
		C11E80DE5CF0F91C08416A98 /* TuneAVStation.swift in Sources */ = {isa = PBXBuildFile; fileRef = 0C7B802F2803AADAE5AB954A /* TuneAVStation.swift */; };
		CA27342578046FF28B0ECB8D /* TuneAVL10n.swift in Sources */ = {isa = PBXBuildFile; fileRef = C547C8DDD40412AA45F4F655 /* TuneAVL10n.swift */; };
		CEBC3B1592332B76535B408B /* TuneAVAppShellHomeFeed.swift in Sources */ = {isa = PBXBuildFile; fileRef = E80A66F42DA2B6DE1F514487 /* TuneAVAppShellHomeFeed.swift */; };
		CEE7318443B34B96E5D0D969 /* TuneAVStationArtworkView.swift in Sources */ = {isa = PBXBuildFile; fileRef = 30EE7710AA11913E59C7F507 /* TuneAVStationArtworkView.swift */; };
		CFB26F3D659677A0FEB999BF /* TuneAVGuestOnboardingPolicy.swift in Sources */ = {isa = PBXBuildFile; fileRef = 473B194F4640945709B1E509 /* TuneAVGuestOnboardingPolicy.swift */; };
		D2A2809CD021AE8BDE052152 /* TuneAVServiceAliases.swift in Sources */ = {isa = PBXBuildFile; fileRef = 723D9E1AF58671365E8BAFDD /* TuneAVServiceAliases.swift */; };
		D774A784D00818331E675973 /* TuneAVMacModel.swift in Sources */ = {isa = PBXBuildFile; fileRef = B8425B1402FA50BFD3C07728 /* TuneAVMacModel.swift */; };
		DDA998109C1046A0DD10C1B5 /* TuneAVUpgradePromptContent.swift in Sources */ = {isa = PBXBuildFile; fileRef = 9F6AD1F2BC87C2DB981CB689 /* TuneAVUpgradePromptContent.swift */; };
		E001508D1B89AF2D87BE7995 /* AVLaunchFoundation in Frameworks */ = {isa = PBXBuildFile; productRef = 852F686E59DEE687DF7D7A21 /* AVLaunchFoundation */; };
		E2172617569AE8FD4167CC02 /* TuneAVLibraryStationLogic.swift in Sources */ = {isa = PBXBuildFile; fileRef = 00C4509340FBCDAC730F4CFE /* TuneAVLibraryStationLogic.swift */; };
		E319885B3FA60FE3C8DAE42D /* TuneAVAccountDeletionPolicy.swift in Sources */ = {isa = PBXBuildFile; fileRef = C1D53ACCC98B84A22C9650E2 /* TuneAVAccountDeletionPolicy.swift */; };
		EF261B5CD47108127D07FEBF /* MacMusicDetailView.swift in Sources */ = {isa = PBXBuildFile; fileRef = A0E798D8F5D618F96F889892 /* MacMusicDetailView.swift */; };
		EF844812578920F30B199CB0 /* MacProfileView.swift in Sources */ = {isa = PBXBuildFile; fileRef = FB438CFA382907963DF4581A /* MacProfileView.swift */; };
		F6F9DF373E5663A8F0139766 /* TuneAVCollectionRules.swift in Sources */ = {isa = PBXBuildFile; fileRef = E4F80E10DFA603B97291D332 /* TuneAVCollectionRules.swift */; };
		F7D4B4F97C6747AA4C872DDD /* TuneAVStationService.swift in Sources */ = {isa = PBXBuildFile; fileRef = 5132DE73C7E0D76B1F25A119 /* TuneAVStationService.swift */; };
		F89906131A45BA0D363FEE23 /* Localizable.strings in Resources */ = {isa = PBXBuildFile; fileRef = 14DF88D4658B0B656313C686 /* Localizable.strings */; };
		F9AC6CC8035A21F873212E61 /* TuneAVBundleConfig.swift in Sources */ = {isa = PBXBuildFile; fileRef = A2E395D20FB6B0E1A7C6C37C /* TuneAVBundleConfig.swift */; };
		F9C0CB7F33A3B4E7B77784B3 /* Localizable.strings in Resources */ = {isa = PBXBuildFile; fileRef = 48D0FA3E128C4AEA1553F371 /* Localizable.strings */; };
		FB81FDBE1DD92631A027B737 /* TuneAVAppTheme.swift in Sources */ = {isa = PBXBuildFile; fileRef = 86CD08CE301FC574BB23998D /* TuneAVAppTheme.swift */; };
		FBA7A4CA8B508CC473A7CA60 /* AVSettingsFoundation in Frameworks */ = {isa = PBXBuildFile; productRef = 25230F2072F4113C35DB7BD5 /* AVSettingsFoundation */; };
		FE9A5AD2BA5BDB71469733B1 /* TuneAVStationInfoViews.swift in Sources */ = {isa = PBXBuildFile; fileRef = 78C434A9C4A7C9D1C159BE9A /* TuneAVStationInfoViews.swift */; };
		FF6AE46B9E0EA1DDF83626DB /* TuneAVAccessPolicy.swift in Sources */ = {isa = PBXBuildFile; fileRef = D5AC2203F920B40346E2A823 /* TuneAVAccessPolicy.swift */; };
/* End PBXBuildFile section */

/* Begin PBXContainerItemProxy section */
		9CCDC930A9FCC263185283C3 /* PBXContainerItemProxy */ = {
			isa = PBXContainerItemProxy;
			containerPortal = D00C4819EBF87C8897F84A29 /* Project object */;
			proxyType = 1;
			remoteGlobalIDString = EBE22FA1202AF7A8388ADDA4;
			remoteInfo = TuneAVMac;
		};
/* End PBXContainerItemProxy section */

/* Begin PBXFileReference section */
		0014B27DC883D3ED407960DF /* MacNowPlayingSystemController.swift */ = {isa = PBXFileReference; lastKnownFileType = sourcecode.swift; path = MacNowPlayingSystemController.swift; sourceTree = "<group>"; };
		008D0BA4DF03C532ABC11140 /* TuneAVMacApp.swift */ = {isa = PBXFileReference; lastKnownFileType = sourcecode.swift; path = TuneAVMacApp.swift; sourceTree = "<group>"; };
		00C4509340FBCDAC730F4CFE /* TuneAVLibraryStationLogic.swift */ = {isa = PBXFileReference; lastKnownFileType = sourcecode.swift; path = TuneAVLibraryStationLogic.swift; sourceTree = "<group>"; };
		01633AB133A446A862EAA0D2 /* apple */ = {isa = PBXFileReference; lastKnownFileType = folder; name = apple; path = "../../../apps-av/apple"; sourceTree = SOURCE_ROOT; };
		0C7B802F2803AADAE5AB954A /* TuneAVStation.swift */ = {isa = PBXFileReference; lastKnownFileType = sourcecode.swift; path = TuneAVStation.swift; sourceTree = "<group>"; };
		0E97EC2159E8FB931BC135DB /* Release.xcconfig */ = {isa = PBXFileReference; lastKnownFileType = text.xcconfig; path = Release.xcconfig; sourceTree = "<group>"; };
		1301668C52968D72F70F5CEB /* TuneAVUpgradePrompt.swift */ = {isa = PBXFileReference; lastKnownFileType = sourcecode.swift; path = TuneAVUpgradePrompt.swift; sourceTree = "<group>"; };
		14DF88D4658B0B656313C686 /* Localizable.strings */ = {isa = PBXFileReference; lastKnownFileType = text.plist.strings; path = Localizable.strings; sourceTree = "<group>"; };
		17334A568C86EE82A2ECDDFE /* MacCloudSyncTests.swift */ = {isa = PBXFileReference; lastKnownFileType = sourcecode.swift; path = MacCloudSyncTests.swift; sourceTree = "<group>"; };
		211F13D45CF49412D4409230 /* TuneAVMacConfig.swift */ = {isa = PBXFileReference; lastKnownFileType = sourcecode.swift; path = TuneAVMacConfig.swift; sourceTree = "<group>"; };
		23F6B0FAE8564E7A2F3860D6 /* TuneAVAccessClient.swift */ = {isa = PBXFileReference; lastKnownFileType = sourcecode.swift; path = TuneAVAccessClient.swift; sourceTree = "<group>"; };
		25043C9B00B0BE381CA0C859 /* TuneAVEighties80sNowPlaying.swift */ = {isa = PBXFileReference; lastKnownFileType = sourcecode.swift; path = TuneAVEighties80sNowPlaying.swift; sourceTree = "<group>"; };
		2C7D3F1E4C73F0AFA606C8E3 /* TuneAVSavedStationIcon.swift */ = {isa = PBXFileReference; lastKnownFileType = sourcecode.swift; path = TuneAVSavedStationIcon.swift; sourceTree = "<group>"; };
		30EE7710AA11913E59C7F507 /* TuneAVStationArtworkView.swift */ = {isa = PBXFileReference; lastKnownFileType = sourcecode.swift; path = TuneAVStationArtworkView.swift; sourceTree = "<group>"; };
		3590A93D4505151DCD668777 /* TuneAVLocalFeedbackStore.swift */ = {isa = PBXFileReference; lastKnownFileType = sourcecode.swift; path = TuneAVLocalFeedbackStore.swift; sourceTree = "<group>"; };
		3DF7A60DA73D3726DCAD2331 /* TuneAVMacDiagnostics.swift */ = {isa = PBXFileReference; lastKnownFileType = sourcecode.swift; path = TuneAVMacDiagnostics.swift; sourceTree = "<group>"; };
		4186E1C0F2B5E1F3A2066A71 /* MacHomeView.swift */ = {isa = PBXFileReference; lastKnownFileType = sourcecode.swift; path = MacHomeView.swift; sourceTree = "<group>"; };
		41E1A55B511C4D08B33974A4 /* TuneAVLibraryTombstone.swift */ = {isa = PBXFileReference; lastKnownFileType = sourcecode.swift; path = TuneAVLibraryTombstone.swift; sourceTree = "<group>"; };
		43020E23D4675B7E49C389AF /* TuneAVNowPlayingService.swift */ = {isa = PBXFileReference; lastKnownFileType = sourcecode.swift; path = TuneAVNowPlayingService.swift; sourceTree = "<group>"; };
		43BF1BA3D8D70F28791FE4D2 /* TuneAviPopoverActionsPanel.swift */ = {isa = PBXFileReference; lastKnownFileType = sourcecode.swift; path = TuneAviPopoverActionsPanel.swift; sourceTree = "<group>"; };
		473B194F4640945709B1E509 /* TuneAVGuestOnboardingPolicy.swift */ = {isa = PBXFileReference; lastKnownFileType = sourcecode.swift; path = TuneAVGuestOnboardingPolicy.swift; sourceTree = "<group>"; };
		4800B97412F65A7D48DA7259 /* TuneAVAppDataSyncClient.swift */ = {isa = PBXFileReference; lastKnownFileType = sourcecode.swift; path = TuneAVAppDataSyncClient.swift; sourceTree = "<group>"; };
		48D0FA3E128C4AEA1553F371 /* Localizable.strings */ = {isa = PBXFileReference; lastKnownFileType = text.plist.strings; path = Localizable.strings; sourceTree = "<group>"; };
		4F7D3468222B7241B3A1EE7A /* TuneAVMac.app */ = {isa = PBXFileReference; explicitFileType = wrapper.application; includeInIndex = 0; path = TuneAVMac.app; sourceTree = BUILT_PRODUCTS_DIR; };
		5132DE73C7E0D76B1F25A119 /* TuneAVStationService.swift */ = {isa = PBXFileReference; lastKnownFileType = sourcecode.swift; path = TuneAVStationService.swift; sourceTree = "<group>"; };
		53A7AC7B73C839883433878A /* TuneAVUITestAccountDeletionScenarios.swift */ = {isa = PBXFileReference; lastKnownFileType = sourcecode.swift; path = TuneAVUITestAccountDeletionScenarios.swift; sourceTree = "<group>"; };
		555D34D6619792C6FCDF7FDB /* TuneAVDateCoding.swift */ = {isa = PBXFileReference; lastKnownFileType = sourcecode.swift; path = TuneAVDateCoding.swift; sourceTree = "<group>"; };
		5B5B98CF5933EAE1A87E50A0 /* TuneAVTrackArtworkService.swift */ = {isa = PBXFileReference; lastKnownFileType = sourcecode.swift; path = TuneAVTrackArtworkService.swift; sourceTree = "<group>"; };
		5D1323087CE3D03848F1E095 /* TuneAVAudioPlaybackPolicy.swift */ = {isa = PBXFileReference; lastKnownFileType = sourcecode.swift; path = TuneAVAudioPlaybackPolicy.swift; sourceTree = "<group>"; };
		5FA1404F908BC7318A328CDC /* TuneAVDailyUsageLimiter.swift */ = {isa = PBXFileReference; lastKnownFileType = sourcecode.swift; path = TuneAVDailyUsageLimiter.swift; sourceTree = "<group>"; };
		62AB83A40BCBFEA1C508DE57 /* Localizable.strings */ = {isa = PBXFileReference; lastKnownFileType = text.plist.strings; path = Localizable.strings; sourceTree = "<group>"; };
		654F6CF76CA5C56D0C6D0FDA /* TuneAVAccessLimitPolicy.swift */ = {isa = PBXFileReference; lastKnownFileType = sourcecode.swift; path = TuneAVAccessLimitPolicy.swift; sourceTree = "<group>"; };
		6BECFD55C06EFFE74CA3E47B /* TuneAVMacSmokeTests.swift */ = {isa = PBXFileReference; lastKnownFileType = sourcecode.swift; path = TuneAVMacSmokeTests.swift; sourceTree = "<group>"; };
		6EBD5A13ED5B6CA4B0D0C3AA /* TuneAVAppShellSearch.swift */ = {isa = PBXFileReference; lastKnownFileType = sourcecode.swift; path = TuneAVAppShellSearch.swift; sourceTree = "<group>"; };
		723D9E1AF58671365E8BAFDD /* TuneAVServiceAliases.swift */ = {isa = PBXFileReference; lastKnownFileType = sourcecode.swift; path = TuneAVServiceAliases.swift; sourceTree = "<group>"; };
		73B5FFF1029C0AAF57A57692 /* TuneAVCountry.swift */ = {isa = PBXFileReference; lastKnownFileType = sourcecode.swift; path = TuneAVCountry.swift; sourceTree = "<group>"; };
		78C434A9C4A7C9D1C159BE9A /* TuneAVStationInfoViews.swift */ = {isa = PBXFileReference; lastKnownFileType = sourcecode.swift; path = TuneAVStationInfoViews.swift; sourceTree = "<group>"; };
		79E0AFF731DA84386253FCFA /* TuneAVLaunchContext.swift */ = {isa = PBXFileReference; lastKnownFileType = sourcecode.swift; path = TuneAVLaunchContext.swift; sourceTree = "<group>"; };
		86CD08CE301FC574BB23998D /* TuneAVAppTheme.swift */ = {isa = PBXFileReference; lastKnownFileType = sourcecode.swift; path = TuneAVAppTheme.swift; sourceTree = "<group>"; };
		891985721D6B47B10DA4E6F8 /* TuneAVText.swift */ = {isa = PBXFileReference; lastKnownFileType = sourcecode.swift; path = TuneAVText.swift; sourceTree = "<group>"; };
		918B443508AFB391669B94FE /* TuneAVURLSupport.swift */ = {isa = PBXFileReference; lastKnownFileType = sourcecode.swift; path = TuneAVURLSupport.swift; sourceTree = "<group>"; };
		9597B7E83173DB8C28C137D0 /* account-av */ = {isa = PBXFileReference; lastKnownFileType = folder; name = "account-av"; path = "../../../account-av"; sourceTree = SOURCE_ROOT; };
		97BCB582AD5A0EDF1FA57BC4 /* TuneAVProRealtimeSync.swift */ = {isa = PBXFileReference; lastKnownFileType = sourcecode.swift; path = TuneAVProRealtimeSync.swift; sourceTree = "<group>"; };
		982EBF907088952B44522371 /* TuneAVExternalSearchURL.swift */ = {isa = PBXFileReference; lastKnownFileType = sourcecode.swift; path = TuneAVExternalSearchURL.swift; sourceTree = "<group>"; };
		99DF84A634CD654D5194F8CA /* Localizable.strings */ = {isa = PBXFileReference; lastKnownFileType = text.plist.strings; path = Localizable.strings; sourceTree = "<group>"; };
		9B084B9AAAC81CC6B40215DE /* MacMusicView.swift */ = {isa = PBXFileReference; lastKnownFileType = sourcecode.swift; path = MacMusicView.swift; sourceTree = "<group>"; };
		9F6AD1F2BC87C2DB981CB689 /* TuneAVUpgradePromptContent.swift */ = {isa = PBXFileReference; lastKnownFileType = sourcecode.swift; path = TuneAVUpgradePromptContent.swift; sourceTree = "<group>"; };
		9F70EEBD2ED0934A00C217E9 /* Assets.xcassets */ = {isa = PBXFileReference; lastKnownFileType = folder.assetcatalog; path = Assets.xcassets; sourceTree = "<group>"; };
		A0E798D8F5D618F96F889892 /* MacMusicDetailView.swift */ = {isa = PBXFileReference; lastKnownFileType = sourcecode.swift; path = MacMusicDetailView.swift; sourceTree = "<group>"; };
		A2E395D20FB6B0E1A7C6C37C /* TuneAVBundleConfig.swift */ = {isa = PBXFileReference; lastKnownFileType = sourcecode.swift; path = TuneAVBundleConfig.swift; sourceTree = "<group>"; };
		B742B0081A7F0D35C5BC8E20 /* TuneAVTrackMetadata.swift */ = {isa = PBXFileReference; lastKnownFileType = sourcecode.swift; path = TuneAVTrackMetadata.swift; sourceTree = "<group>"; };
		B804B81EE903D677990E1899 /* TuneAVAviMusicDetailViews.swift */ = {isa = PBXFileReference; lastKnownFileType = sourcecode.swift; path = TuneAVAviMusicDetailViews.swift; sourceTree = "<group>"; };
		B8425B1402FA50BFD3C07728 /* TuneAVMacModel.swift */ = {isa = PBXFileReference; lastKnownFileType = sourcecode.swift; path = TuneAVMacModel.swift; sourceTree = "<group>"; };
		B88E3F298EF851BE68BA06D0 /* MacRootView.swift */ = {isa = PBXFileReference; lastKnownFileType = sourcecode.swift; path = MacRootView.swift; sourceTree = "<group>"; };
		C130A8C0647DB815F7224BE6 /* MacPlayerView.swift */ = {isa = PBXFileReference; lastKnownFileType = sourcecode.swift; path = MacPlayerView.swift; sourceTree = "<group>"; };
		C1D53ACCC98B84A22C9650E2 /* TuneAVAccountDeletionPolicy.swift */ = {isa = PBXFileReference; lastKnownFileType = sourcecode.swift; path = TuneAVAccountDeletionPolicy.swift; sourceTree = "<group>"; };
		C37FA94C62C42172EFEE18EC /* MacCloudSyncTrigger.swift */ = {isa = PBXFileReference; lastKnownFileType = sourcecode.swift; path = MacCloudSyncTrigger.swift; sourceTree = "<group>"; };
		C4B4987CBF8EC41105DBEEB4 /* TuneAVLibrarySync.swift */ = {isa = PBXFileReference; lastKnownFileType = sourcecode.swift; path = TuneAVLibrarySync.swift; sourceTree = "<group>"; };
		C547C8DDD40412AA45F4F655 /* TuneAVL10n.swift */ = {isa = PBXFileReference; lastKnownFileType = sourcecode.swift; path = TuneAVL10n.swift; sourceTree = "<group>"; };
		C842F5937F9CA95EE8F66DA5 /* TuneAVSharedTheme.swift */ = {isa = PBXFileReference; lastKnownFileType = sourcecode.swift; path = TuneAVSharedTheme.swift; sourceTree = "<group>"; };
		C952CE99E482F861B467A9CA /* MacSearchView.swift */ = {isa = PBXFileReference; lastKnownFileType = sourcecode.swift; path = MacSearchView.swift; sourceTree = "<group>"; };
		D5AC2203F920B40346E2A823 /* TuneAVAccessPolicy.swift */ = {isa = PBXFileReference; lastKnownFileType = sourcecode.swift; path = TuneAVAccessPolicy.swift; sourceTree = "<group>"; };
		D9700299F754578BD6E345C9 /* TuneAVMusicLibraryLogic.swift */ = {isa = PBXFileReference; lastKnownFileType = sourcecode.swift; path = TuneAVMusicLibraryLogic.swift; sourceTree = "<group>"; };
		DCFBB4C4C085969BC3C55B3B /* TuneAVAccountModels.swift */ = {isa = PBXFileReference; lastKnownFileType = sourcecode.swift; path = TuneAVAccountModels.swift; sourceTree = "<group>"; };
		DDCA11EFF39C50A234F6A6C7 /* TuneAVSavedDiscoveryPolicy.swift */ = {isa = PBXFileReference; lastKnownFileType = sourcecode.swift; path = TuneAVSavedDiscoveryPolicy.swift; sourceTree = "<group>"; };
		E4F80E10DFA603B97291D332 /* TuneAVCollectionRules.swift */ = {isa = PBXFileReference; lastKnownFileType = sourcecode.swift; path = TuneAVCollectionRules.swift; sourceTree = "<group>"; };
		E6EF830E1C7E4B9705454FDC /* TuneAVOverviewSectionViews.swift */ = {isa = PBXFileReference; lastKnownFileType = sourcecode.swift; path = TuneAVOverviewSectionViews.swift; sourceTree = "<group>"; };
		E7B601DB899EC3FAA180C8DA /* TuneAVDiscoveryShareTextFormatter.swift */ = {isa = PBXFileReference; lastKnownFileType = sourcecode.swift; path = TuneAVDiscoveryShareTextFormatter.swift; sourceTree = "<group>"; };
		E7D51CC72AFC94D9E7DA15CF /* MacStationViews.swift */ = {isa = PBXFileReference; lastKnownFileType = sourcecode.swift; path = MacStationViews.swift; sourceTree = "<group>"; };
		E80A66F42DA2B6DE1F514487 /* TuneAVAppShellHomeFeed.swift */ = {isa = PBXFileReference; lastKnownFileType = sourcecode.swift; path = TuneAVAppShellHomeFeed.swift; sourceTree = "<group>"; };
		E8310E584FFDAC25B7D1AB5D /* Localizable.strings */ = {isa = PBXFileReference; lastKnownFileType = text.plist.strings; path = Localizable.strings; sourceTree = "<group>"; };
		E83E8DB80EDC0E5836D532A1 /* Debug.xcconfig */ = {isa = PBXFileReference; lastKnownFileType = text.xcconfig; path = Debug.xcconfig; sourceTree = "<group>"; };
		ED140AFD890712B1BA114AF7 /* TuneAVMacTests.xctest */ = {isa = PBXFileReference; explicitFileType = wrapper.cfbundle; includeInIndex = 0; path = TuneAVMacTests.xctest; sourceTree = BUILT_PRODUCTS_DIR; };
		ED33F71C5D0D6F973B532EAC /* TuneAVDiscoveredTrackSupport.swift */ = {isa = PBXFileReference; lastKnownFileType = sourcecode.swift; path = TuneAVDiscoveredTrackSupport.swift; sourceTree = "<group>"; };
		EDC7CA0264359FBBE98CFE98 /* TuneAVPlaybackQueueLogic.swift */ = {isa = PBXFileReference; lastKnownFileType = sourcecode.swift; path = TuneAVPlaybackQueueLogic.swift; sourceTree = "<group>"; };
		F2DE0A373AB37620B340E29C /* TuneAVSleepTimerController.swift */ = {isa = PBXFileReference; lastKnownFileType = sourcecode.swift; path = TuneAVSleepTimerController.swift; sourceTree = "<group>"; };
		F546054602ED9447DD71B662 /* TuneAVStreamMetadataDelegate.swift */ = {isa = PBXFileReference; lastKnownFileType = sourcecode.swift; path = TuneAVStreamMetadataDelegate.swift; sourceTree = "<group>"; };
		F57983518F265DF0F87501C6 /* MacLibraryView.swift */ = {isa = PBXFileReference; lastKnownFileType = sourcecode.swift; path = MacLibraryView.swift; sourceTree = "<group>"; };
		F7DEE3B2AD1FFD82323FA71A /* MacStationDetailView.swift */ = {isa = PBXFileReference; lastKnownFileType = sourcecode.swift; path = MacStationDetailView.swift; sourceTree = "<group>"; };
		F88785BF8E497CD1DBFAC244 /* TuneAVStationFeedbackControls.swift */ = {isa = PBXFileReference; lastKnownFileType = sourcecode.swift; path = TuneAVStationFeedbackControls.swift; sourceTree = "<group>"; };
		FB438CFA382907963DF4581A /* MacProfileView.swift */ = {isa = PBXFileReference; lastKnownFileType = sourcecode.swift; path = MacProfileView.swift; sourceTree = "<group>"; };
/* End PBXFileReference section */

/* Begin PBXFrameworksBuildPhase section */
		AE23E47D54D17EDC97BBB5F2 /* Frameworks */ = {
			isa = PBXFrameworksBuildPhase;
			buildActionMask = 2147483647;
			files = (
				4FBFE1A8D244B3978F2966D1 /* AccountAV in Frameworks */,
				162E859CCCBFDA75E703EBDF /* AVBrandFoundation in Frameworks */,
				5BD9B44CCE1779233936C6F0 /* AVAppShellFoundation in Frameworks */,
				E001508D1B89AF2D87BE7995 /* AVLaunchFoundation in Frameworks */,
				FBA7A4CA8B508CC473A7CA60 /* AVSettingsFoundation in Frameworks */,
				86361103BE48CA0FF0A0BAAB /* AVAviFoundation in Frameworks */,
				ABA2A844CA2D96D12E8DA03B /* AVPaywallFoundation in Frameworks */,
				C06D14E62FEA5E809E1473B2 /* AVDiagnosticsFoundation in Frameworks */,
				126BE6C76EA3FCD2BC1EED14 /* ConvexMobile in Frameworks */,
			);
			runOnlyForDeploymentPostprocessing = 0;
		};
/* End PBXFrameworksBuildPhase section */

/* Begin PBXGroup section */
		136D76E4AA0D7D097C00BC2A /* Products */ = {
			isa = PBXGroup;
			children = (
				4F7D3468222B7241B3A1EE7A /* TuneAVMac.app */,
				ED140AFD890712B1BA114AF7 /* TuneAVMacTests.xctest */,
			);
			name = Products;
			sourceTree = "<group>";
		};
		2160CF15D1F7DDDA12510241 /* en.lproj */ = {
			isa = PBXGroup;
			children = (
				99DF84A634CD654D5194F8CA /* Localizable.strings */,
			);
			name = en.lproj;
			path = ../ios/TuneAV/Resources/en.lproj;
			sourceTree = "<group>";
		};
		22D56CF7BDDBFCFD83B6EFB9 /* Sources */ = {
			isa = PBXGroup;
			children = (
				FD8B469E070EFCF08BD3621C /* App */,
				36F4540D1E5D6E420057A3AF /* Views */,
			);
			path = Sources;
			sourceTree = "<group>";
		};
		253FB86E870320272B4A5339 /* fr.lproj */ = {
			isa = PBXGroup;
			children = (
				14DF88D4658B0B656313C686 /* Localizable.strings */,
			);
			name = fr.lproj;
			path = ../ios/TuneAV/Resources/fr.lproj;
			sourceTree = "<group>";
		};
		36F4540D1E5D6E420057A3AF /* Views */ = {
			isa = PBXGroup;
			children = (
				4186E1C0F2B5E1F3A2066A71 /* MacHomeView.swift */,
				F57983518F265DF0F87501C6 /* MacLibraryView.swift */,
				A0E798D8F5D618F96F889892 /* MacMusicDetailView.swift */,
				9B084B9AAAC81CC6B40215DE /* MacMusicView.swift */,
				C130A8C0647DB815F7224BE6 /* MacPlayerView.swift */,
				FB438CFA382907963DF4581A /* MacProfileView.swift */,
				B88E3F298EF851BE68BA06D0 /* MacRootView.swift */,
				C952CE99E482F861B467A9CA /* MacSearchView.swift */,
				F7DEE3B2AD1FFD82323FA71A /* MacStationDetailView.swift */,
				E7D51CC72AFC94D9E7DA15CF /* MacStationViews.swift */,
			);
			path = Views;
			sourceTree = "<group>";
		};
		48D1002BFBFE5C308F05B35E = {
			isa = PBXGroup;
			children = (
				9F70EEBD2ED0934A00C217E9 /* Assets.xcassets */,
				D88D0490AAD7F096979E95FF /* apple */,
				A06BF924F817AC8817F215C9 /* ca.lproj */,
				E223045CA86047410F7A2490 /* Config */,
				6C2B0BEBB47A4E2B3A4C2779 /* de.lproj */,
				2160CF15D1F7DDDA12510241 /* en.lproj */,
				8F80C5F448182898F64D76C9 /* es.lproj */,
				253FB86E870320272B4A5339 /* fr.lproj */,
				D62DC2BE8EF76B5FE6C81CAF /* Packages */,
				22D56CF7BDDBFCFD83B6EFB9 /* Sources */,
				F799F66CAAB9180D830B782A /* Tests */,
				136D76E4AA0D7D097C00BC2A /* Products */,
			);
			sourceTree = "<group>";
		};
		6C2B0BEBB47A4E2B3A4C2779 /* de.lproj */ = {
			isa = PBXGroup;
			children = (
				48D0FA3E128C4AEA1553F371 /* Localizable.strings */,
			);
			name = de.lproj;
			path = ../ios/TuneAV/Resources/de.lproj;
			sourceTree = "<group>";
		};
		8F80C5F448182898F64D76C9 /* es.lproj */ = {
			isa = PBXGroup;
			children = (
				E8310E584FFDAC25B7D1AB5D /* Localizable.strings */,
			);
			name = es.lproj;
			path = ../ios/TuneAV/Resources/es.lproj;
			sourceTree = "<group>";
		};
		A06BF924F817AC8817F215C9 /* ca.lproj */ = {
			isa = PBXGroup;
			children = (
				62AB83A40BCBFEA1C508DE57 /* Localizable.strings */,
			);
			name = ca.lproj;
			path = ../ios/TuneAV/Resources/ca.lproj;
			sourceTree = "<group>";
		};
		D62DC2BE8EF76B5FE6C81CAF /* Packages */ = {
			isa = PBXGroup;
			children = (
				9597B7E83173DB8C28C137D0 /* account-av */,
				01633AB133A446A862EAA0D2 /* apple */,
			);
			name = Packages;
			sourceTree = "<group>";
		};
		D88D0490AAD7F096979E95FF /* apple */ = {
			isa = PBXGroup;
			children = (
				23F6B0FAE8564E7A2F3860D6 /* TuneAVAccessClient.swift */,
				654F6CF76CA5C56D0C6D0FDA /* TuneAVAccessLimitPolicy.swift */,
				D5AC2203F920B40346E2A823 /* TuneAVAccessPolicy.swift */,
				C1D53ACCC98B84A22C9650E2 /* TuneAVAccountDeletionPolicy.swift */,
				DCFBB4C4C085969BC3C55B3B /* TuneAVAccountModels.swift */,
				4800B97412F65A7D48DA7259 /* TuneAVAppDataSyncClient.swift */,
				E80A66F42DA2B6DE1F514487 /* TuneAVAppShellHomeFeed.swift */,
				6EBD5A13ED5B6CA4B0D0C3AA /* TuneAVAppShellSearch.swift */,
				86CD08CE301FC574BB23998D /* TuneAVAppTheme.swift */,
				5D1323087CE3D03848F1E095 /* TuneAVAudioPlaybackPolicy.swift */,
				B804B81EE903D677990E1899 /* TuneAVAviMusicDetailViews.swift */,
				A2E395D20FB6B0E1A7C6C37C /* TuneAVBundleConfig.swift */,
				E4F80E10DFA603B97291D332 /* TuneAVCollectionRules.swift */,
				73B5FFF1029C0AAF57A57692 /* TuneAVCountry.swift */,
				5FA1404F908BC7318A328CDC /* TuneAVDailyUsageLimiter.swift */,
				555D34D6619792C6FCDF7FDB /* TuneAVDateCoding.swift */,
				ED33F71C5D0D6F973B532EAC /* TuneAVDiscoveredTrackSupport.swift */,
				E7B601DB899EC3FAA180C8DA /* TuneAVDiscoveryShareTextFormatter.swift */,
				25043C9B00B0BE381CA0C859 /* TuneAVEighties80sNowPlaying.swift */,
				982EBF907088952B44522371 /* TuneAVExternalSearchURL.swift */,
				473B194F4640945709B1E509 /* TuneAVGuestOnboardingPolicy.swift */,
				43BF1BA3D8D70F28791FE4D2 /* TuneAviPopoverActionsPanel.swift */,
				C547C8DDD40412AA45F4F655 /* TuneAVL10n.swift */,
				79E0AFF731DA84386253FCFA /* TuneAVLaunchContext.swift */,
				00C4509340FBCDAC730F4CFE /* TuneAVLibraryStationLogic.swift */,
				C4B4987CBF8EC41105DBEEB4 /* TuneAVLibrarySync.swift */,
				41E1A55B511C4D08B33974A4 /* TuneAVLibraryTombstone.swift */,
				3590A93D4505151DCD668777 /* TuneAVLocalFeedbackStore.swift */,
				D9700299F754578BD6E345C9 /* TuneAVMusicLibraryLogic.swift */,
				43020E23D4675B7E49C389AF /* TuneAVNowPlayingService.swift */,
				E6EF830E1C7E4B9705454FDC /* TuneAVOverviewSectionViews.swift */,
				EDC7CA0264359FBBE98CFE98 /* TuneAVPlaybackQueueLogic.swift */,
				97BCB582AD5A0EDF1FA57BC4 /* TuneAVProRealtimeSync.swift */,
				DDCA11EFF39C50A234F6A6C7 /* TuneAVSavedDiscoveryPolicy.swift */,
				2C7D3F1E4C73F0AFA606C8E3 /* TuneAVSavedStationIcon.swift */,
				723D9E1AF58671365E8BAFDD /* TuneAVServiceAliases.swift */,
				C842F5937F9CA95EE8F66DA5 /* TuneAVSharedTheme.swift */,
				F2DE0A373AB37620B340E29C /* TuneAVSleepTimerController.swift */,
				0C7B802F2803AADAE5AB954A /* TuneAVStation.swift */,
				30EE7710AA11913E59C7F507 /* TuneAVStationArtworkView.swift */,
				F88785BF8E497CD1DBFAC244 /* TuneAVStationFeedbackControls.swift */,
				78C434A9C4A7C9D1C159BE9A /* TuneAVStationInfoViews.swift */,
				5132DE73C7E0D76B1F25A119 /* TuneAVStationService.swift */,
				F546054602ED9447DD71B662 /* TuneAVStreamMetadataDelegate.swift */,
				891985721D6B47B10DA4E6F8 /* TuneAVText.swift */,
				5B5B98CF5933EAE1A87E50A0 /* TuneAVTrackArtworkService.swift */,
				B742B0081A7F0D35C5BC8E20 /* TuneAVTrackMetadata.swift */,
				53A7AC7B73C839883433878A /* TuneAVUITestAccountDeletionScenarios.swift */,
				1301668C52968D72F70F5CEB /* TuneAVUpgradePrompt.swift */,
				9F6AD1F2BC87C2DB981CB689 /* TuneAVUpgradePromptContent.swift */,
				918B443508AFB391669B94FE /* TuneAVURLSupport.swift */,
			);
			name = apple;
			path = ../../shared/apple;
			sourceTree = "<group>";
		};
		E223045CA86047410F7A2490 /* Config */ = {
			isa = PBXGroup;
			children = (
				E83E8DB80EDC0E5836D532A1 /* Debug.xcconfig */,
				0E97EC2159E8FB931BC135DB /* Release.xcconfig */,
			);
			path = Config;
			sourceTree = "<group>";
		};
		F799F66CAAB9180D830B782A /* Tests */ = {
			isa = PBXGroup;
			children = (
				17334A568C86EE82A2ECDDFE /* MacCloudSyncTests.swift */,
				6BECFD55C06EFFE74CA3E47B /* TuneAVMacSmokeTests.swift */,
			);
			path = Tests;
			sourceTree = "<group>";
		};
		FD8B469E070EFCF08BD3621C /* App */ = {
			isa = PBXGroup;
			children = (
				C37FA94C62C42172EFEE18EC /* MacCloudSyncTrigger.swift */,
				0014B27DC883D3ED407960DF /* MacNowPlayingSystemController.swift */,
				008D0BA4DF03C532ABC11140 /* TuneAVMacApp.swift */,
				211F13D45CF49412D4409230 /* TuneAVMacConfig.swift */,
				3DF7A60DA73D3726DCAD2331 /* TuneAVMacDiagnostics.swift */,
				B8425B1402FA50BFD3C07728 /* TuneAVMacModel.swift */,
			);
			path = App;
			sourceTree = "<group>";
		};
/* End PBXGroup section */

/* Begin PBXNativeTarget section */
		B9752E2B6FBEB98CD63C9995 /* TuneAVMacTests */ = {
			isa = PBXNativeTarget;
			buildConfigurationList = 9A6C39A093E81067365531AF /* Build configuration list for PBXNativeTarget "TuneAVMacTests" */;
			buildPhases = (
				F71CD887F2FE6D7A2E972228 /* Sources */,
			);
			buildRules = (
			);
			dependencies = (
				D73551E8CA039C4D36AFF839 /* PBXTargetDependency */,
			);
			name = TuneAVMacTests;
			packageProductDependencies = (
			);
			productName = TuneAVMacTests;
			productReference = ED140AFD890712B1BA114AF7 /* TuneAVMacTests.xctest */;
			productType = "com.apple.product-type.bundle.unit-test";
		};
		EBE22FA1202AF7A8388ADDA4 /* TuneAVMac */ = {
			isa = PBXNativeTarget;
			buildConfigurationList = A8D7771DD49C437AB9AAC2A7 /* Build configuration list for PBXNativeTarget "TuneAVMac" */;
			buildPhases = (
				23D9C3D76D27C4388BBEE6FF /* Sources */,
				AEAC1486B59908AB4B3D7083 /* Resources */,
				AE23E47D54D17EDC97BBB5F2 /* Frameworks */,
			);
			buildRules = (
			);
			dependencies = (
			);
			name = TuneAVMac;
			packageProductDependencies = (
				3FBCA1692EF65BC3F2E0F236 /* AccountAV */,
				B402DDE0D762599B6110FE42 /* AVBrandFoundation */,
				EFA0FAE8086A1B9324EF6BF1 /* AVAppShellFoundation */,
				852F686E59DEE687DF7D7A21 /* AVLaunchFoundation */,
				25230F2072F4113C35DB7BD5 /* AVSettingsFoundation */,
				837F67518FC0C2DF85357A9D /* AVAviFoundation */,
				03B5B5A2694F2E77ABD921B8 /* AVPaywallFoundation */,
				E21EC6AEF4EE21AA5632C3AE /* AVDiagnosticsFoundation */,
				C3ACDA28829A3904A1B6ED47 /* ConvexMobile */,
			);
			productName = TuneAVMac;
			productReference = 4F7D3468222B7241B3A1EE7A /* TuneAVMac.app */;
			productType = "com.apple.product-type.application";
		};
/* End PBXNativeTarget section */

/* Begin PBXProject section */
		D00C4819EBF87C8897F84A29 /* Project object */ = {
			isa = PBXProject;
			attributes = {
				BuildIndependentTargetsInParallel = YES;
				LastUpgradeCheck = 1600;
				TargetAttributes = {
					EBE22FA1202AF7A8388ADDA4 = {
						DevelopmentTeam = "$(AVALSYS_APPLE_DEVELOPMENT_TEAM)";
						ProvisioningStyle = Automatic;
					};
				};
			};
			buildConfigurationList = 38555D51036CECCC8C9AAAD7 /* Build configuration list for PBXProject "TuneAVMac" */;
			developmentRegion = en;
			hasScannedForEncodings = 0;
			knownRegions = (
				Base,
				en,
			);
			mainGroup = 48D1002BFBFE5C308F05B35E;
			minimizedProjectReferenceProxies = 1;
			packageReferences = (
				34ECBCFB607DFF7AA439DCA8 /* XCRemoteSwiftPackageReference "convex-swift" */,
				89089DE20D26B9EC11FEE2DC /* XCLocalSwiftPackageReference "../../../account-av" */,
				358BDDF9D02816A3825434E2 /* XCLocalSwiftPackageReference "../../../apps-av/apple" */,
			);
			preferredProjectObjectVersion = 77;
			productRefGroup = 136D76E4AA0D7D097C00BC2A /* Products */;
			projectDirPath = "";
			projectRoot = "";
			targets = (
				EBE22FA1202AF7A8388ADDA4 /* TuneAVMac */,
				B9752E2B6FBEB98CD63C9995 /* TuneAVMacTests */,
			);
		};
/* End PBXProject section */

/* Begin PBXResourcesBuildPhase section */
		AEAC1486B59908AB4B3D7083 /* Resources */ = {
			isa = PBXResourcesBuildPhase;
			buildActionMask = 2147483647;
			files = (
				007A86366863DAE1E80F6A2D /* Assets.xcassets in Resources */,
				3EB8D04032E7E589B575F853 /* Localizable.strings in Resources */,
				89E869B7F01A0BEE7657350D /* Localizable.strings in Resources */,
				F89906131A45BA0D363FEE23 /* Localizable.strings in Resources */,
				F9C0CB7F33A3B4E7B77784B3 /* Localizable.strings in Resources */,
				082AFF6E2CE010AE3DED6F85 /* Localizable.strings in Resources */,
			);
			runOnlyForDeploymentPostprocessing = 0;
		};
/* End PBXResourcesBuildPhase section */

/* Begin PBXSourcesBuildPhase section */
		23D9C3D76D27C4388BBEE6FF /* Sources */ = {
			isa = PBXSourcesBuildPhase;
			buildActionMask = 2147483647;
			files = (
				509F4814DF4A1FC45568E69D /* MacCloudSyncTrigger.swift in Sources */,
				8C96ACF4E362BA6B58AF6698 /* MacHomeView.swift in Sources */,
				33E8C8130EF78508A1CB625E /* MacLibraryView.swift in Sources */,
				EF261B5CD47108127D07FEBF /* MacMusicDetailView.swift in Sources */,
				7A6D7C654B9ACE837D7DD009 /* MacMusicView.swift in Sources */,
				69158AA27C3B014757E62EE8 /* MacNowPlayingSystemController.swift in Sources */,
				022D2E07E09CF07E8D7EA03E /* MacPlayerView.swift in Sources */,
				EF844812578920F30B199CB0 /* MacProfileView.swift in Sources */,
				A19468A872AC81355003AE6B /* MacRootView.swift in Sources */,
				4C0C6416C7B5D9513800ACF0 /* MacSearchView.swift in Sources */,
				12790A3C24B1DA52D7E21D77 /* MacStationDetailView.swift in Sources */,
				AB339A7D0DC7B823F9ABBC07 /* MacStationViews.swift in Sources */,
				9BBA2DF9E756B7E1AD1944E5 /* TuneAVAccessClient.swift in Sources */,
				55997DBC8577E63DCF5A5A2B /* TuneAVAccessLimitPolicy.swift in Sources */,
				FF6AE46B9E0EA1DDF83626DB /* TuneAVAccessPolicy.swift in Sources */,
				E319885B3FA60FE3C8DAE42D /* TuneAVAccountDeletionPolicy.swift in Sources */,
				88E8CC612CD4876CE13715BC /* TuneAVAccountModels.swift in Sources */,
				3ED91BE180569BBA0BBF2B96 /* TuneAVAppDataSyncClient.swift in Sources */,
				CEBC3B1592332B76535B408B /* TuneAVAppShellHomeFeed.swift in Sources */,
				95C55977A9CFCCA49E90F06F /* TuneAVAppShellSearch.swift in Sources */,
				FB81FDBE1DD92631A027B737 /* TuneAVAppTheme.swift in Sources */,
				986706AF02E700236C7B671F /* TuneAVAudioPlaybackPolicy.swift in Sources */,
				8F843B3EC952F580669DB403 /* TuneAVAviMusicDetailViews.swift in Sources */,
				F9AC6CC8035A21F873212E61 /* TuneAVBundleConfig.swift in Sources */,
				F6F9DF373E5663A8F0139766 /* TuneAVCollectionRules.swift in Sources */,
				915ABEFD89C1E63ED855CE45 /* TuneAVCountry.swift in Sources */,
				11332DD32B0CFB21836C4994 /* TuneAVDailyUsageLimiter.swift in Sources */,
				BA86E91D05DFDD718B6AA3A8 /* TuneAVDateCoding.swift in Sources */,
				31F27E7BABE171ED67FB67F3 /* TuneAVDiscoveredTrackSupport.swift in Sources */,
				0DBB9A3EC4C46E318281FB1A /* TuneAVDiscoveryShareTextFormatter.swift in Sources */,
				9DD3DCC634DFB5F60BBECE0C /* TuneAVEighties80sNowPlaying.swift in Sources */,
				A894C166BCA011B111A33124 /* TuneAVExternalSearchURL.swift in Sources */,
				CFB26F3D659677A0FEB999BF /* TuneAVGuestOnboardingPolicy.swift in Sources */,
				CA27342578046FF28B0ECB8D /* TuneAVL10n.swift in Sources */,
				35155D5CE7DFB1BFD49C5C17 /* TuneAVLaunchContext.swift in Sources */,
				E2172617569AE8FD4167CC02 /* TuneAVLibraryStationLogic.swift in Sources */,
				755B50D75DD9898A7DFE44E1 /* TuneAVLibrarySync.swift in Sources */,
				3C66F4B67C2C0F312AD7236C /* TuneAVLibraryTombstone.swift in Sources */,
				89B2ADE63963CF8103793420 /* TuneAVLocalFeedbackStore.swift in Sources */,
				7D04E09AD5DD321B60222524 /* TuneAVMacApp.swift in Sources */,
				4A10A61F68707CB985292183 /* TuneAVMacConfig.swift in Sources */,
				64D37DDAA306EF5273ADD398 /* TuneAVMacDiagnostics.swift in Sources */,
				D774A784D00818331E675973 /* TuneAVMacModel.swift in Sources */,
				2137DD6713ECFB29BBAE3397 /* TuneAVMusicLibraryLogic.swift in Sources */,
				1DF728FAF762A189306E64B5 /* TuneAVNowPlayingService.swift in Sources */,
				515217DA05C2C4778E39FDE6 /* TuneAVOverviewSectionViews.swift in Sources */,
				8DEC02A9A9F73926CC97E2D0 /* TuneAVPlaybackQueueLogic.swift in Sources */,
				923B0B8A79838A78EAA463A7 /* TuneAVProRealtimeSync.swift in Sources */,
				4517CBAFE4D60F933644F368 /* TuneAVSavedDiscoveryPolicy.swift in Sources */,
				BE7765ACC4B1BEDE27DACCD8 /* TuneAVSavedStationIcon.swift in Sources */,
				D2A2809CD021AE8BDE052152 /* TuneAVServiceAliases.swift in Sources */,
				568500727A804FA666B64035 /* TuneAVSharedTheme.swift in Sources */,
				AB092889DDAB13A902A0E08A /* TuneAVSleepTimerController.swift in Sources */,
				C11E80DE5CF0F91C08416A98 /* TuneAVStation.swift in Sources */,
				CEE7318443B34B96E5D0D969 /* TuneAVStationArtworkView.swift in Sources */,
				07A45F961828AC143CA5D655 /* TuneAVStationFeedbackControls.swift in Sources */,
				FE9A5AD2BA5BDB71469733B1 /* TuneAVStationInfoViews.swift in Sources */,
				F7D4B4F97C6747AA4C872DDD /* TuneAVStationService.swift in Sources */,
				5D4B73E8C2966B3F0BBE22C2 /* TuneAVStreamMetadataDelegate.swift in Sources */,
				6716515508AEB7968EF1966E /* TuneAVText.swift in Sources */,
				6D04968C92A2E22913A52C46 /* TuneAVTrackArtworkService.swift in Sources */,
				1ACC6052B1279928A6EA2971 /* TuneAVTrackMetadata.swift in Sources */,
				7B0309A86C6D98398658CA6E /* TuneAVUITestAccountDeletionScenarios.swift in Sources */,
				262E0BC58170DACF86E03E43 /* TuneAVURLSupport.swift in Sources */,
				AE14490493617327EAB29FBF /* TuneAVUpgradePrompt.swift in Sources */,
				DDA998109C1046A0DD10C1B5 /* TuneAVUpgradePromptContent.swift in Sources */,
				02EDFA619D0B5B391735D1C6 /* TuneAviPopoverActionsPanel.swift in Sources */,
			);
			runOnlyForDeploymentPostprocessing = 0;
		};
		F71CD887F2FE6D7A2E972228 /* Sources */ = {
			isa = PBXSourcesBuildPhase;
			buildActionMask = 2147483647;
			files = (
				7D1AAB0B317C266DDC8688B4 /* MacCloudSyncTests.swift in Sources */,
				462E87FB1176BE67A4E3CABE /* TuneAVMacSmokeTests.swift in Sources */,
			);
			runOnlyForDeploymentPostprocessing = 0;
		};
/* End PBXSourcesBuildPhase section */

/* Begin PBXTargetDependency section */
		D73551E8CA039C4D36AFF839 /* PBXTargetDependency */ = {
			isa = PBXTargetDependency;
			target = EBE22FA1202AF7A8388ADDA4 /* TuneAVMac */;
			targetProxy = 9CCDC930A9FCC263185283C3 /* PBXContainerItemProxy */;
		};
/* End PBXTargetDependency section */

/* Begin XCBuildConfiguration section */
		30086D61D9063FCBD7AEF379 /* Release */ = {
			isa = XCBuildConfiguration;
			baseConfigurationReference = 0E97EC2159E8FB931BC135DB /* Release.xcconfig */;
			buildSettings = {
				ASSETCATALOG_COMPILER_APPICON_NAME = AppIcon;
				CODE_SIGN_ENTITLEMENTS = Supporting/TuneAVMac.entitlements;
				CODE_SIGN_STYLE = Automatic;
				COMBINE_HIDPI_IMAGES = YES;
				DEVELOPMENT_TEAM = "$(AVALSYS_APPLE_DEVELOPMENT_TEAM)";
				ENABLE_APP_SANDBOX = YES;
				ENABLE_HARDENED_RUNTIME = YES;
				GENERATE_INFOPLIST_FILE = NO;
				INFOPLIST_FILE = Supporting/Info.plist;
				LD_RUNPATH_SEARCH_PATHS = (
					"$(inherited)",
					"@executable_path/../Frameworks",
				);
				PRODUCT_BUNDLE_IDENTIFIER = "$(PRODUCT_BUNDLE_IDENTIFIER)";
				PRODUCT_MODULE_NAME = TuneAVMac;
				SDKROOT = macosx;
			};
			name = Release;
		};
		540B1B2C09E3F03CD42F0317 /* Debug */ = {
			isa = XCBuildConfiguration;
			buildSettings = {
				BUNDLE_LOADER = "$(TEST_HOST)";
				COMBINE_HIDPI_IMAGES = YES;
				GENERATE_INFOPLIST_FILE = YES;
				LD_RUNPATH_SEARCH_PATHS = (
					"$(inherited)",
					"@executable_path/../Frameworks",
					"@loader_path/../Frameworks",
				);
				PRODUCT_BUNDLE_IDENTIFIER = "$(TUNEAV_BUNDLE_IDENTIFIER).mac.tests";
				PRODUCT_MODULE_NAME = TuneAVMacTests;
				SDKROOT = macosx;
				TEST_HOST = "$(BUILT_PRODUCTS_DIR)/Tune AV.app/$(BUNDLE_EXECUTABLE_FOLDER_PATH)/Tune AV";
			};
			name = Debug;
		};
		5FF9371F4FC33875EDC875A6 /* Debug */ = {
			isa = XCBuildConfiguration;
			baseConfigurationReference = E83E8DB80EDC0E5836D532A1 /* Debug.xcconfig */;
			buildSettings = {
				ASSETCATALOG_COMPILER_APPICON_NAME = AppIcon;
				CODE_SIGN_ENTITLEMENTS = Supporting/TuneAVMac.entitlements;
				CODE_SIGN_STYLE = Automatic;
				COMBINE_HIDPI_IMAGES = YES;
				DEVELOPMENT_TEAM = "$(AVALSYS_APPLE_DEVELOPMENT_TEAM)";
				ENABLE_APP_SANDBOX = YES;
				ENABLE_HARDENED_RUNTIME = YES;
				GENERATE_INFOPLIST_FILE = NO;
				INFOPLIST_FILE = Supporting/Info.plist;
				LD_RUNPATH_SEARCH_PATHS = (
					"$(inherited)",
					"@executable_path/../Frameworks",
				);
				PRODUCT_BUNDLE_IDENTIFIER = "$(PRODUCT_BUNDLE_IDENTIFIER)";
				PRODUCT_MODULE_NAME = TuneAVMac;
				SDKROOT = macosx;
			};
			name = Debug;
		};
		676885F326117244DB9A1EE3 /* Debug */ = {
			isa = XCBuildConfiguration;
			buildSettings = {
				ALWAYS_SEARCH_USER_PATHS = NO;
				CLANG_ANALYZER_NONNULL = YES;
				CLANG_ANALYZER_NUMBER_OBJECT_CONVERSION = YES_AGGRESSIVE;
				CLANG_CXX_LANGUAGE_STANDARD = "gnu++14";
				CLANG_CXX_LIBRARY = "libc++";
				CLANG_ENABLE_MODULES = YES;
				CLANG_ENABLE_OBJC_ARC = YES;
				CLANG_ENABLE_OBJC_WEAK = YES;
				CLANG_WARN_BLOCK_CAPTURE_AUTORELEASING = YES;
				CLANG_WARN_BOOL_CONVERSION = YES;
				CLANG_WARN_COMMA = YES;
				CLANG_WARN_CONSTANT_CONVERSION = YES;
				CLANG_WARN_DEPRECATED_OBJC_IMPLEMENTATIONS = YES;
				CLANG_WARN_DIRECT_OBJC_ISA_USAGE = YES_ERROR;
				CLANG_WARN_DOCUMENTATION_COMMENTS = YES;
				CLANG_WARN_EMPTY_BODY = YES;
				CLANG_WARN_ENUM_CONVERSION = YES;
				CLANG_WARN_INFINITE_RECURSION = YES;
				CLANG_WARN_INT_CONVERSION = YES;
				CLANG_WARN_NON_LITERAL_NULL_CONVERSION = YES;
				CLANG_WARN_OBJC_IMPLICIT_RETAIN_SELF = YES;
				CLANG_WARN_OBJC_LITERAL_CONVERSION = YES;
				CLANG_WARN_OBJC_ROOT_CLASS = YES_ERROR;
				CLANG_WARN_QUOTED_INCLUDE_IN_FRAMEWORK_HEADER = YES;
				CLANG_WARN_RANGE_LOOP_ANALYSIS = YES;
				CLANG_WARN_STRICT_PROTOTYPES = YES;
				CLANG_WARN_SUSPICIOUS_MOVE = YES;
				CLANG_WARN_UNGUARDED_AVAILABILITY = YES_AGGRESSIVE;
				CLANG_WARN_UNREACHABLE_CODE = YES;
				CLANG_WARN__DUPLICATE_METHOD_MATCH = YES;
				COPY_PHASE_STRIP = NO;
				DEBUG_INFORMATION_FORMAT = dwarf;
				DEVELOPMENT_LANGUAGE = en;
				ENABLE_STRICT_OBJC_MSGSEND = YES;
				ENABLE_TESTABILITY = YES;
				GCC_C_LANGUAGE_STANDARD = gnu11;
				GCC_DYNAMIC_NO_PIC = NO;
				GCC_NO_COMMON_BLOCKS = YES;
				GCC_OPTIMIZATION_LEVEL = 0;
				GCC_PREPROCESSOR_DEFINITIONS = (
					"$(inherited)",
					"DEBUG=1",
				);
				GCC_WARN_64_TO_32_BIT_CONVERSION = YES;
				GCC_WARN_ABOUT_RETURN_TYPE = YES_ERROR;
				GCC_WARN_UNDECLARED_SELECTOR = YES;
				GCC_WARN_UNINITIALIZED_AUTOS = YES_AGGRESSIVE;
				GCC_WARN_UNUSED_FUNCTION = YES;
				GCC_WARN_UNUSED_VARIABLE = YES;
				MACOSX_DEPLOYMENT_TARGET = 26.2;
				MTL_ENABLE_DEBUG_INFO = INCLUDE_SOURCE;
				MTL_FAST_MATH = YES;
				ONLY_ACTIVE_ARCH = YES;
				PRODUCT_NAME = "Tune AV";
				SDKROOT = macosx;
				SWIFT_ACTIVE_COMPILATION_CONDITIONS = DEBUG;
				SWIFT_OPTIMIZATION_LEVEL = "-Onone";
				SWIFT_VERSION = 6.0;
			};
			name = Debug;
		};
		A65EE1042B14603339FAB21D /* Release */ = {
			isa = XCBuildConfiguration;
			buildSettings = {
				ALWAYS_SEARCH_USER_PATHS = NO;
				CLANG_ANALYZER_NONNULL = YES;
				CLANG_ANALYZER_NUMBER_OBJECT_CONVERSION = YES_AGGRESSIVE;
				CLANG_CXX_LANGUAGE_STANDARD = "gnu++14";
				CLANG_CXX_LIBRARY = "libc++";
				CLANG_ENABLE_MODULES = YES;
				CLANG_ENABLE_OBJC_ARC = YES;
				CLANG_ENABLE_OBJC_WEAK = YES;
				CLANG_WARN_BLOCK_CAPTURE_AUTORELEASING = YES;
				CLANG_WARN_BOOL_CONVERSION = YES;
				CLANG_WARN_COMMA = YES;
				CLANG_WARN_CONSTANT_CONVERSION = YES;
				CLANG_WARN_DEPRECATED_OBJC_IMPLEMENTATIONS = YES;
				CLANG_WARN_DIRECT_OBJC_ISA_USAGE = YES_ERROR;
				CLANG_WARN_DOCUMENTATION_COMMENTS = YES;
				CLANG_WARN_EMPTY_BODY = YES;
				CLANG_WARN_ENUM_CONVERSION = YES;
				CLANG_WARN_INFINITE_RECURSION = YES;
				CLANG_WARN_INT_CONVERSION = YES;
				CLANG_WARN_NON_LITERAL_NULL_CONVERSION = YES;
				CLANG_WARN_OBJC_IMPLICIT_RETAIN_SELF = YES;
				CLANG_WARN_OBJC_LITERAL_CONVERSION = YES;
				CLANG_WARN_OBJC_ROOT_CLASS = YES_ERROR;
				CLANG_WARN_QUOTED_INCLUDE_IN_FRAMEWORK_HEADER = YES;
				CLANG_WARN_RANGE_LOOP_ANALYSIS = YES;
				CLANG_WARN_STRICT_PROTOTYPES = YES;
				CLANG_WARN_SUSPICIOUS_MOVE = YES;
				CLANG_WARN_UNGUARDED_AVAILABILITY = YES_AGGRESSIVE;
				CLANG_WARN_UNREACHABLE_CODE = YES;
				CLANG_WARN__DUPLICATE_METHOD_MATCH = YES;
				COPY_PHASE_STRIP = NO;
				DEBUG_INFORMATION_FORMAT = "dwarf-with-dsym";
				DEVELOPMENT_LANGUAGE = en;
				ENABLE_NS_ASSERTIONS = NO;
				ENABLE_STRICT_OBJC_MSGSEND = YES;
				GCC_C_LANGUAGE_STANDARD = gnu11;
				GCC_NO_COMMON_BLOCKS = YES;
				GCC_WARN_64_TO_32_BIT_CONVERSION = YES;
				GCC_WARN_ABOUT_RETURN_TYPE = YES_ERROR;
				GCC_WARN_UNDECLARED_SELECTOR = YES;
				GCC_WARN_UNINITIALIZED_AUTOS = YES_AGGRESSIVE;
				GCC_WARN_UNUSED_FUNCTION = YES;
				GCC_WARN_UNUSED_VARIABLE = YES;
				MACOSX_DEPLOYMENT_TARGET = 26.2;
				MTL_ENABLE_DEBUG_INFO = NO;
				MTL_FAST_MATH = YES;
				PRODUCT_NAME = "Tune AV";
				SDKROOT = macosx;
				SWIFT_COMPILATION_MODE = wholemodule;
				SWIFT_OPTIMIZATION_LEVEL = "-O";
				SWIFT_VERSION = 6.0;
			};
			name = Release;
		};
		EF53A3FCEE84F5E0EBD4266F /* Release */ = {
			isa = XCBuildConfiguration;
			buildSettings = {
				BUNDLE_LOADER = "$(TEST_HOST)";
				COMBINE_HIDPI_IMAGES = YES;
				GENERATE_INFOPLIST_FILE = YES;
				LD_RUNPATH_SEARCH_PATHS = (
					"$(inherited)",
					"@executable_path/../Frameworks",
					"@loader_path/../Frameworks",
				);
				PRODUCT_BUNDLE_IDENTIFIER = "$(TUNEAV_BUNDLE_IDENTIFIER).mac.tests";
				PRODUCT_MODULE_NAME = TuneAVMacTests;
				SDKROOT = macosx;
				TEST_HOST = "$(BUILT_PRODUCTS_DIR)/Tune AV.app/$(BUNDLE_EXECUTABLE_FOLDER_PATH)/Tune AV";
			};
			name = Release;
		};
/* End XCBuildConfiguration section */

/* Begin XCConfigurationList section */
		38555D51036CECCC8C9AAAD7 /* Build configuration list for PBXProject "TuneAVMac" */ = {
			isa = XCConfigurationList;
			buildConfigurations = (
				676885F326117244DB9A1EE3 /* Debug */,
				A65EE1042B14603339FAB21D /* Release */,
			);
			defaultConfigurationIsVisible = 0;
			defaultConfigurationName = Debug;
		};
		9A6C39A093E81067365531AF /* Build configuration list for PBXNativeTarget "TuneAVMacTests" */ = {
			isa = XCConfigurationList;
			buildConfigurations = (
				540B1B2C09E3F03CD42F0317 /* Debug */,
				EF53A3FCEE84F5E0EBD4266F /* Release */,
			);
			defaultConfigurationIsVisible = 0;
			defaultConfigurationName = Debug;
		};
		A8D7771DD49C437AB9AAC2A7 /* Build configuration list for PBXNativeTarget "TuneAVMac" */ = {
			isa = XCConfigurationList;
			buildConfigurations = (
				5FF9371F4FC33875EDC875A6 /* Debug */,
				30086D61D9063FCBD7AEF379 /* Release */,
			);
			defaultConfigurationIsVisible = 0;
			defaultConfigurationName = Debug;
		};
/* End XCConfigurationList section */

/* Begin XCLocalSwiftPackageReference section */
		358BDDF9D02816A3825434E2 /* XCLocalSwiftPackageReference "../../../apps-av/apple" */ = {
			isa = XCLocalSwiftPackageReference;
			relativePath = "../../../apps-av/apple";
		};
		89089DE20D26B9EC11FEE2DC /* XCLocalSwiftPackageReference "../../../account-av" */ = {
			isa = XCLocalSwiftPackageReference;
			relativePath = "../../../account-av";
		};
/* End XCLocalSwiftPackageReference section */

/* Begin XCRemoteSwiftPackageReference section */
		34ECBCFB607DFF7AA439DCA8 /* XCRemoteSwiftPackageReference "convex-swift" */ = {
			isa = XCRemoteSwiftPackageReference;
			repositoryURL = "https://github.com/get-convex/convex-swift";
			requirement = {
				kind = upToNextMajorVersion;
				minimumVersion = 0.8.1;
			};
		};
/* End XCRemoteSwiftPackageReference section */

/* Begin XCSwiftPackageProductDependency section */
		03B5B5A2694F2E77ABD921B8 /* AVPaywallFoundation */ = {
			isa = XCSwiftPackageProductDependency;
			productName = AVPaywallFoundation;
		};
		25230F2072F4113C35DB7BD5 /* AVSettingsFoundation */ = {
			isa = XCSwiftPackageProductDependency;
			productName = AVSettingsFoundation;
		};
		3FBCA1692EF65BC3F2E0F236 /* AccountAV */ = {
			isa = XCSwiftPackageProductDependency;
			productName = AccountAV;
		};
		837F67518FC0C2DF85357A9D /* AVAviFoundation */ = {
			isa = XCSwiftPackageProductDependency;
			productName = AVAviFoundation;
		};
		852F686E59DEE687DF7D7A21 /* AVLaunchFoundation */ = {
			isa = XCSwiftPackageProductDependency;
			productName = AVLaunchFoundation;
		};
		B402DDE0D762599B6110FE42 /* AVBrandFoundation */ = {
			isa = XCSwiftPackageProductDependency;
			productName = AVBrandFoundation;
		};
		C3ACDA28829A3904A1B6ED47 /* ConvexMobile */ = {
			isa = XCSwiftPackageProductDependency;
			package = 34ECBCFB607DFF7AA439DCA8 /* XCRemoteSwiftPackageReference "convex-swift" */;
			productName = ConvexMobile;
		};
		E21EC6AEF4EE21AA5632C3AE /* AVDiagnosticsFoundation */ = {
			isa = XCSwiftPackageProductDependency;
			productName = AVDiagnosticsFoundation;
		};
		EFA0FAE8086A1B9324EF6BF1 /* AVAppShellFoundation */ = {
			isa = XCSwiftPackageProductDependency;
			productName = AVAppShellFoundation;
		};
/* End XCSwiftPackageProductDependency section */
	};
	rootObject = D00C4819EBF87C8897F84A29 /* Project object */;
}
